
Microsoft Visual Studio Solution File, Format Version 12.00
# Visual Studio Version 17
VisualStudioVersion = 17.5.002.0
MinimumVisualStudioVersion = 10.0.40219.1
Project("{9A19103F-16F7-4668-BE54-9A1E7A4F7556}") = "DataversePlugin", "DataversePlugin.csproj", "{6A80FEF9-07B5-4F64-B488-DB6965E91B86}"
EndProject
Global
	GlobalSection(SolutionConfigurationPlatforms) = preSolution
		Debug|Any CPU = Debug|Any CPU
		Release|Any CPU = Release|Any CPU
	EndGlobalSection
	GlobalSection(ProjectConfigurationPlatforms) = postSolution
		{6A80FEF9-07B5-4F64-B488-DB6965E91B86}.Debug|Any CPU.ActiveCfg = Debug|Any CPU
		{6A80FEF9-07B5-4F64-B488-DB6965E91B86}.Debug|Any CPU.Build.0 = Debug|Any CPU
		{6A80FEF9-07B5-4F64-B488-DB6965E91B86}.Release|Any CPU.ActiveCfg = Release|Any CPU
		{6A80FEF9-07B5-4F64-B488-DB6965E91B86}.Release|Any CPU.Build.0 = Release|Any CPU
	EndGlobalSection
	GlobalSection(SolutionProperties) = preSolution
		HideSolutionNode = FALSE
	EndGlobalSection
	GlobalSection(ExtensibilityGlobals) = postSolution
		SolutionGuid = {AB5599B1-93FE-4AC0-A2F4-E51588504BCA}
	EndGlobalSection
EndGlobal
